
Microsoft Visual Studio Solution File, Format Version 12.00
# Visual Studio Version 16
VisualStudioVersion = 16.0.29324.140
MinimumVisualStudioVersion = 10.0.40219.1
Project("{8BC9CEB8-8B4A-11D0-8D11-00A0C91BC942}") = "7강과제", "7강과제\7강과제.vcxproj", "{2EB91FCF-3EDE-448E-A483-3BF1C1C52EDE}"
EndProject
Global
	GlobalSection(SolutionConfigurationPlatforms) = preSolution
		Debug|x64 = Debug|x64
		Debug|x86 = Debug|x86
		Release|x64 = Release|x64
		Release|x86 = Release|x86
	EndGlobalSection
	GlobalSection(ProjectConfigurationPlatforms) = postSolution
		{2EB91FCF-3EDE-448E-A483-3BF1C1C52EDE}.Debug|x64.ActiveCfg = Debug|x64
		{2EB91FCF-3EDE-448E-A483-3BF1C1C52EDE}.Debug|x64.Build.0 = Debug|x64
		{2EB91FCF-3EDE-448E-A483-3BF1C1C52EDE}.Debug|x86.ActiveCfg = Debug|Win32
		{2EB91FCF-3EDE-448E-A483-3BF1C1C52EDE}.Debug|x86.Build.0 = Debug|Win32
		{2EB91FCF-3EDE-448E-A483-3BF1C1C52EDE}.Release|x64.ActiveCfg = Release|x64
		{2EB91FCF-3EDE-448E-A483-3BF1C1C52EDE}.Release|x64.Build.0 = Release|x64
		{2EB91FCF-3EDE-448E-A483-3BF1C1C52EDE}.Release|x86.ActiveCfg = Release|Win32
		{2EB91FCF-3EDE-448E-A483-3BF1C1C52EDE}.Release|x86.Build.0 = Release|Win32
	EndGlobalSection
	GlobalSection(SolutionProperties) = preSolution
		HideSolutionNode = FALSE
	EndGlobalSection
	GlobalSection(ExtensibilityGlobals) = postSolution
		SolutionGuid = {2B431806-8C86-407A-B563-CB7B3F589AAE}
	EndGlobalSection
EndGlobal
